
Microsoft Visual Studio Solution File, Format Version 12.00
# TcXaeShell Solution File, Format Version 11.00
VisualStudioVersion = 15.0.28010.2050
MinimumVisualStudioVersion = 10.0.40219.1
Project("{B1E792BE-AA5F-4E3C-8C82-674BF9C0715B}") = "Example", "Example.tsproj", "{15BFEDF8-F1B7-4BA5-8688-AD97622DE866}"
EndProject
Project("{FD9F1D59-E000-42F3-8744-88DE1BE93C06}") = "Scope", "Scope\Scope.tcmproj", "{E335E735-DA4C-4C6F-87DA-6DAAAD1BC5D2}"
EndProject
Global
	GlobalSection(SolutionConfigurationPlatforms) = preSolution
		Debug|TwinCAT CE7 (ARMV7) = Debug|TwinCAT CE7 (ARMV7)
		Debug|TwinCAT OS (ARMT2) = Debug|TwinCAT OS (ARMT2)
		Debug|TwinCAT RT (x64) = Debug|TwinCAT RT (x64)
		Debug|TwinCAT RT (x86) = Debug|TwinCAT RT (x86)
		Release|TwinCAT CE7 (ARMV7) = Release|TwinCAT CE7 (ARMV7)
		Release|TwinCAT OS (ARMT2) = Release|TwinCAT OS (ARMT2)
		Release|TwinCAT RT (x64) = Release|TwinCAT RT (x64)
		Release|TwinCAT RT (x86) = Release|TwinCAT RT (x86)
	EndGlobalSection
	GlobalSection(ProjectConfigurationPlatforms) = postSolution
		{15BFEDF8-F1B7-4BA5-8688-AD97622DE866}.Debug|TwinCAT CE7 (ARMV7).ActiveCfg = Debug|TwinCAT CE7 (ARMV7)
		{15BFEDF8-F1B7-4BA5-8688-AD97622DE866}.Debug|TwinCAT CE7 (ARMV7).Build.0 = Debug|TwinCAT CE7 (ARMV7)
		{15BFEDF8-F1B7-4BA5-8688-AD97622DE866}.Debug|TwinCAT OS (ARMT2).ActiveCfg = Debug|TwinCAT OS (ARMT2)
		{15BFEDF8-F1B7-4BA5-8688-AD97622DE866}.Debug|TwinCAT OS (ARMT2).Build.0 = Debug|TwinCAT OS (ARMT2)
		{15BFEDF8-F1B7-4BA5-8688-AD97622DE866}.Debug|TwinCAT RT (x64).ActiveCfg = Debug|TwinCAT RT (x64)
		{15BFEDF8-F1B7-4BA5-8688-AD97622DE866}.Debug|TwinCAT RT (x64).Build.0 = Debug|TwinCAT RT (x64)
		{15BFEDF8-F1B7-4BA5-8688-AD97622DE866}.Debug|TwinCAT RT (x86).ActiveCfg = Debug|TwinCAT RT (x86)
		{15BFEDF8-F1B7-4BA5-8688-AD97622DE866}.Debug|TwinCAT RT (x86).Build.0 = Debug|TwinCAT RT (x86)
		{15BFEDF8-F1B7-4BA5-8688-AD97622DE866}.Release|TwinCAT CE7 (ARMV7).ActiveCfg = Release|TwinCAT CE7 (ARMV7)
		{15BFEDF8-F1B7-4BA5-8688-AD97622DE866}.Release|TwinCAT CE7 (ARMV7).Build.0 = Release|TwinCAT CE7 (ARMV7)
		{15BFEDF8-F1B7-4BA5-8688-AD97622DE866}.Release|TwinCAT OS (ARMT2).ActiveCfg = Release|TwinCAT OS (ARMT2)
		{15BFEDF8-F1B7-4BA5-8688-AD97622DE866}.Release|TwinCAT OS (ARMT2).Build.0 = Release|TwinCAT OS (ARMT2)
		{15BFEDF8-F1B7-4BA5-8688-AD97622DE866}.Release|TwinCAT RT (x64).ActiveCfg = Release|TwinCAT RT (x64)
		{15BFEDF8-F1B7-4BA5-8688-AD97622DE866}.Release|TwinCAT RT (x64).Build.0 = Release|TwinCAT RT (x64)
		{15BFEDF8-F1B7-4BA5-8688-AD97622DE866}.Release|TwinCAT RT (x86).ActiveCfg = Release|TwinCAT RT (x86)
		{15BFEDF8-F1B7-4BA5-8688-AD97622DE866}.Release|TwinCAT RT (x86).Build.0 = Release|TwinCAT RT (x86)
		{E335E735-DA4C-4C6F-87DA-6DAAAD1BC5D2}.Debug|TwinCAT CE7 (ARMV7).ActiveCfg = Debug|TwinCAT CE7 (ARMV7)
		{E335E735-DA4C-4C6F-87DA-6DAAAD1BC5D2}.Debug|TwinCAT OS (ARMT2).ActiveCfg = Debug|TwinCAT OS (ARMT2)
		{E335E735-DA4C-4C6F-87DA-6DAAAD1BC5D2}.Debug|TwinCAT RT (x64).ActiveCfg = Debug|TwinCAT RT (x64)
		{E335E735-DA4C-4C6F-87DA-6DAAAD1BC5D2}.Debug|TwinCAT RT (x86).ActiveCfg = Debug|TwinCAT RT (x86)
		{E335E735-DA4C-4C6F-87DA-6DAAAD1BC5D2}.Release|TwinCAT CE7 (ARMV7).ActiveCfg = Release|TwinCAT CE7 (ARMV7)
		{E335E735-DA4C-4C6F-87DA-6DAAAD1BC5D2}.Release|TwinCAT OS (ARMT2).ActiveCfg = Release|TwinCAT OS (ARMT2)
		{E335E735-DA4C-4C6F-87DA-6DAAAD1BC5D2}.Release|TwinCAT RT (x64).ActiveCfg = Release|TwinCAT RT (x64)
		{E335E735-DA4C-4C6F-87DA-6DAAAD1BC5D2}.Release|TwinCAT RT (x86).ActiveCfg = Release|TwinCAT RT (x86)
		{E835CCC8-518B-4D81-935F-6F52C9077DE6}.Debug|TwinCAT CE7 (ARMV7).ActiveCfg = Debug|TwinCAT CE7 (ARMV7)
		{E835CCC8-518B-4D81-935F-6F52C9077DE6}.Debug|TwinCAT CE7 (ARMV7).Build.0 = Debug|TwinCAT CE7 (ARMV7)
		{E835CCC8-518B-4D81-935F-6F52C9077DE6}.Debug|TwinCAT OS (ARMT2).ActiveCfg = Debug|TwinCAT OS (ARMT2)
		{E835CCC8-518B-4D81-935F-6F52C9077DE6}.Debug|TwinCAT OS (ARMT2).Build.0 = Debug|TwinCAT OS (ARMT2)
		{E835CCC8-518B-4D81-935F-6F52C9077DE6}.Debug|TwinCAT RT (x64).ActiveCfg = Debug|TwinCAT RT (x64)
		{E835CCC8-518B-4D81-935F-6F52C9077DE6}.Debug|TwinCAT RT (x64).Build.0 = Debug|TwinCAT RT (x64)
		{E835CCC8-518B-4D81-935F-6F52C9077DE6}.Debug|TwinCAT RT (x86).ActiveCfg = Debug|TwinCAT RT (x86)
		{E835CCC8-518B-4D81-935F-6F52C9077DE6}.Debug|TwinCAT RT (x86).Build.0 = Debug|TwinCAT RT (x86)
		{E835CCC8-518B-4D81-935F-6F52C9077DE6}.Release|TwinCAT CE7 (ARMV7).ActiveCfg = Release|TwinCAT CE7 (ARMV7)
		{E835CCC8-518B-4D81-935F-6F52C9077DE6}.Release|TwinCAT CE7 (ARMV7).Build.0 = Release|TwinCAT CE7 (ARMV7)
		{E835CCC8-518B-4D81-935F-6F52C9077DE6}.Release|TwinCAT OS (ARMT2).ActiveCfg = Release|TwinCAT OS (ARMT2)
		{E835CCC8-518B-4D81-935F-6F52C9077DE6}.Release|TwinCAT OS (ARMT2).Build.0 = Release|TwinCAT OS (ARMT2)
		{E835CCC8-518B-4D81-935F-6F52C9077DE6}.Release|TwinCAT RT (x64).ActiveCfg = Release|TwinCAT RT (x64)
		{E835CCC8-518B-4D81-935F-6F52C9077DE6}.Release|TwinCAT RT (x64).Build.0 = Release|TwinCAT RT (x64)
		{E835CCC8-518B-4D81-935F-6F52C9077DE6}.Release|TwinCAT RT (x86).ActiveCfg = Release|TwinCAT RT (x86)
		{E835CCC8-518B-4D81-935F-6F52C9077DE6}.Release|TwinCAT RT (x86).Build.0 = Release|TwinCAT RT (x86)
	EndGlobalSection
	GlobalSection(SolutionProperties) = preSolution
		HideSolutionNode = FALSE
	EndGlobalSection
	GlobalSection(ExtensibilityGlobals) = postSolution
		SolutionGuid = {25ADAA1F-6742-48F2-A060-48FBAEF289C9}
	EndGlobalSection
EndGlobal
